
Microsoft Visual Studio Solution File, Format Version 12.00
# Visual Studio Version 16
VisualStudioVersion = 16.0.30114.105
MinimumVisualStudioVersion = 10.0.40219.1
Project("{2150E333-8FDC-42A3-9474-1A3956D46DE8}") = "src", "src", "{37B79EFF-8AE4-4F1F-81B1-E80A6D0BF6FD}"
EndProject
Project("{FAE04EC0-301F-11D3-BF4B-00C04F79EFBC}") = "AwesomeShop.Services.Notifications.Api", "src\AwesomeShop.Services.Notifications.Api\AwesomeShop.Services.Notifications.Api.csproj", "{B02BADCA-9A36-4A73-B39C-34D421CFE983}"
EndProject
Global
	GlobalSection(SolutionConfigurationPlatforms) = preSolution
		Debug|Any CPU = Debug|Any CPU
		Debug|x64 = Debug|x64
		Debug|x86 = Debug|x86
		Release|Any CPU = Release|Any CPU
		Release|x64 = Release|x64
		Release|x86 = Release|x86
	EndGlobalSection
	GlobalSection(SolutionProperties) = preSolution
		HideSolutionNode = FALSE
	EndGlobalSection
	GlobalSection(ProjectConfigurationPlatforms) = postSolution
		{B02BADCA-9A36-4A73-B39C-34D421CFE983}.Debug|Any CPU.ActiveCfg = Debug|Any CPU
		{B02BADCA-9A36-4A73-B39C-34D421CFE983}.Debug|Any CPU.Build.0 = Debug|Any CPU
		{B02BADCA-9A36-4A73-B39C-34D421CFE983}.Debug|x64.ActiveCfg = Debug|Any CPU
		{B02BADCA-9A36-4A73-B39C-34D421CFE983}.Debug|x64.Build.0 = Debug|Any CPU
		{B02BADCA-9A36-4A73-B39C-34D421CFE983}.Debug|x86.ActiveCfg = Debug|Any CPU
		{B02BADCA-9A36-4A73-B39C-34D421CFE983}.Debug|x86.Build.0 = Debug|Any CPU
		{B02BADCA-9A36-4A73-B39C-34D421CFE983}.Release|Any CPU.ActiveCfg = Release|Any CPU
		{B02BADCA-9A36-4A73-B39C-34D421CFE983}.Release|Any CPU.Build.0 = Release|Any CPU
		{B02BADCA-9A36-4A73-B39C-34D421CFE983}.Release|x64.ActiveCfg = Release|Any CPU
		{B02BADCA-9A36-4A73-B39C-34D421CFE983}.Release|x64.Build.0 = Release|Any CPU
		{B02BADCA-9A36-4A73-B39C-34D421CFE983}.Release|x86.ActiveCfg = Release|Any CPU
		{B02BADCA-9A36-4A73-B39C-34D421CFE983}.Release|x86.Build.0 = Release|Any CPU
	EndGlobalSection
	GlobalSection(NestedProjects) = preSolution
		{B02BADCA-9A36-4A73-B39C-34D421CFE983} = {37B79EFF-8AE4-4F1F-81B1-E80A6D0BF6FD}
	EndGlobalSection
EndGlobal
